<?xml version="1.0" encoding="utf-8"?>
<Project ToolsVersion="4.0" xmlns="http://schemas.microsoft.com/developer/msbuild/2003">
  <ItemGroup>
    <Filter Include="ソース ファイル">
      <UniqueIdentifier>{4FC737F1-C7A5-4376-A066-2A32D752A2FF}</UniqueIdentifier>
      <Extensions>cpp;c;cc;cxx;c++;cppm;ixx;def;odl;idl;hpj;bat;asm;asmx</Extensions>
    </Filter>
    <Filter Include="ヘッダー ファイル">
      <UniqueIdentifier>{93995380-89BD-4b04-88EB-625FBE52EBFB}</UniqueIdentifier>
      <Extensions>h;hh;hpp;hxx;h++;hm;inl;inc;ipp;xsd</Extensions>
    </Filter>
    <Filter Include="リソース ファイル">
      <UniqueIdentifier>{67DA6AB6-F800-4c08-8B7A-83BB121AAD01}</UniqueIdentifier>
      <Extensions>rc;ico;cur;bmp;dlg;rc2;rct;bin;rgs;gif;jpg;jpeg;jpe;resx;tiff;tif;png;wav;mfcribbon-ms</Extensions>
    </Filter>
    <Filter Include="ソース ファイル\NovelManager">
      <UniqueIdentifier>{eaa8a91c-9d6e-498e-8ad4-94f5b6e77d6c}</UniqueIdentifier>
    </Filter>
    <Filter Include="ヘッダー ファイル\NovelManager">
      <UniqueIdentifier>{995b2644-454a-4ddc-bd41-ce7b2095e367}</UniqueIdentifier>
    </Filter>
  </ItemGroup>
  <ItemGroup>
    <ClCompile Include="YaruObsidian.cpp">
      <Filter>ソース ファイル</Filter>
    </ClCompile>
    <ClCompile Include="BookshelfManager.cpp">
      <Filter>ソース ファイル</Filter>
    </ClCompile>
    <ClCompile Include="HamelnNovelManager.cpp">
      <Filter>ソース ファイル\NovelManager</Filter>
    </ClCompile>
    <ClCompile Include="NarouNovelManager.cpp">
      <Filter>ソース ファイル\NovelManager</Filter>
    </ClCompile>
    <ClCompile Include="NocNovelManager.cpp">
      <Filter>ソース ファイル\NovelManager</Filter>
    </ClCompile>
    <ClCompile Include="YaruoManager.cpp">
      <Filter>ソース ファイル\NovelManager</Filter>
    </ClCompile>
    <ClCompile Include="NovelManager.cpp">
      <Filter>ソース ファイル\NovelManager</Filter>
    </ClCompile>
    <ClCompile Include="UserInterface.cpp">
      <Filter>ソース ファイル</Filter>
    </ClCompile>
  </ItemGroup>
  <ItemGroup>
    <ClInclude Include="BookshelfIndex.h">
      <Filter>ヘッダー ファイル</Filter>
    </ClInclude>
    <ClInclude Include="BookshelfManager.h">
      <Filter>ヘッダー ファイル</Filter>
    </ClInclude>
    <ClInclude Include="HamelnNovelManager.h">
      <Filter>ヘッダー ファイル\NovelManager</Filter>
    </ClInclude>
    <ClInclude Include="NarouNovelManager.h">
      <Filter>ヘッダー ファイル\NovelManager</Filter>
    </ClInclude>
    <ClInclude Include="NocNovelManager.h">
      <Filter>ヘッダー ファイル\NovelManager</Filter>
    </ClInclude>
    <ClInclude Include="YaruoManager.h">
      <Filter>ヘッダー ファイル\NovelManager</Filter>
    </ClInclude>
    <ClInclude Include="UserInterface.h">
      <Filter>ヘッダー ファイル</Filter>
    </ClInclude>
    <ClInclude Include="NovelManager.h">
      <Filter>ヘッダー ファイル\NovelManager</Filter>
    </ClInclude>
  </ItemGroup>
</Project>